
Microsoft Visual Studio Solution File, Format Version 12.00
# Visual Studio Version 16
VisualStudioVersion = 16.0.28621.142
MinimumVisualStudioVersion = 10.0.40219.1
Project("{FAE04EC0-301F-11D3-BF4B-00C04F79EFBC}") = "ForwardDifferenceTable", "ForwardDifferenceTable.csproj", "{B4E2ACAB-70C7-43FE-8040-E466C411ED99}"
EndProject
Global
	GlobalSection(SolutionConfigurationPlatforms) = preSolution
		Debug|Any CPU = Debug|Any CPU
		Release|Any CPU = Release|Any CPU
	EndGlobalSection
	GlobalSection(ProjectConfigurationPlatforms) = postSolution
		{B4E2ACAB-70C7-43FE-8040-E466C411ED99}.Debug|Any CPU.ActiveCfg = Debug|Any CPU
		{B4E2ACAB-70C7-43FE-8040-E466C411ED99}.Debug|Any CPU.Build.0 = Debug|Any CPU
		{B4E2ACAB-70C7-43FE-8040-E466C411ED99}.Release|Any CPU.ActiveCfg = Release|Any CPU
		{B4E2ACAB-70C7-43FE-8040-E466C411ED99}.Release|Any CPU.Build.0 = Release|Any CPU
	EndGlobalSection
	GlobalSection(SolutionProperties) = preSolution
		HideSolutionNode = FALSE
	EndGlobalSection
	GlobalSection(ExtensibilityGlobals) = postSolution
		SolutionGuid = {67BFE597-1FD8-4F21-B58F-08D50C70126B}
	EndGlobalSection
EndGlobal
